
Microsoft Visual Studio Solution File, Format Version 12.00
# Visual Studio Version 17
VisualStudioVersion = 17.11.35219.272
MinimumVisualStudioVersion = 10.0.40219.1
Project("{FAE04EC0-301F-11D3-BF4B-00C04F79EFBC}") = "Agenda.Web", "Agenda.Web\Agenda.Web.csproj", "{F7AA9C45-A312-47CE-B775-66B20B542F86}"
EndProject
Project("{FAE04EC0-301F-11D3-BF4B-00C04F79EFBC}") = "Agenda.Managers", "Agenda.Managers\Agenda.Managers.csproj", "{ACCDBCEC-AD16-4C75-87E9-0DD558C77E31}"
EndProject
Global
	GlobalSection(SolutionConfigurationPlatforms) = preSolution
		Debug|Any CPU = Debug|Any CPU
		Release|Any CPU = Release|Any CPU
	EndGlobalSection
	GlobalSection(ProjectConfigurationPlatforms) = postSolution
		{F7AA9C45-A312-47CE-B775-66B20B542F86}.Debug|Any CPU.ActiveCfg = Debug|Any CPU
		{F7AA9C45-A312-47CE-B775-66B20B542F86}.Debug|Any CPU.Build.0 = Debug|Any CPU
		{F7AA9C45-A312-47CE-B775-66B20B542F86}.Release|Any CPU.ActiveCfg = Release|Any CPU
		{F7AA9C45-A312-47CE-B775-66B20B542F86}.Release|Any CPU.Build.0 = Release|Any CPU
		{ACCDBCEC-AD16-4C75-87E9-0DD558C77E31}.Debug|Any CPU.ActiveCfg = Debug|Any CPU
		{ACCDBCEC-AD16-4C75-87E9-0DD558C77E31}.Debug|Any CPU.Build.0 = Debug|Any CPU
		{ACCDBCEC-AD16-4C75-87E9-0DD558C77E31}.Release|Any CPU.ActiveCfg = Release|Any CPU
		{ACCDBCEC-AD16-4C75-87E9-0DD558C77E31}.Release|Any CPU.Build.0 = Release|Any CPU
	EndGlobalSection
	GlobalSection(SolutionProperties) = preSolution
		HideSolutionNode = FALSE
	EndGlobalSection
	GlobalSection(ExtensibilityGlobals) = postSolution
		SolutionGuid = {261222B5-41CA-44C5-993C-6D4F72279436}
	EndGlobalSection
EndGlobal
